
Microsoft Visual Studio Solution File, Format Version 12.00
# Visual Studio Version 16
VisualStudioVersion = 16.0.30611.23
MinimumVisualStudioVersion = 10.0.40219.1
Project("{FAE04EC0-301F-11D3-BF4B-00C04F79EFBC}") = "Ejercicio2-Pto3y4", "Ejercicio2-Pto3y4\Ejercicio2-Pto3y4.csproj", "{A498C103-521E-4C66-8C75-AABE107F010E}"
EndProject
Global
	GlobalSection(SolutionConfigurationPlatforms) = preSolution
		Debug|Any CPU = Debug|Any CPU
		Release|Any CPU = Release|Any CPU
	EndGlobalSection
	GlobalSection(ProjectConfigurationPlatforms) = postSolution
		{A498C103-521E-4C66-8C75-AABE107F010E}.Debug|Any CPU.ActiveCfg = Debug|Any CPU
		{A498C103-521E-4C66-8C75-AABE107F010E}.Debug|Any CPU.Build.0 = Debug|Any CPU
		{A498C103-521E-4C66-8C75-AABE107F010E}.Release|Any CPU.ActiveCfg = Release|Any CPU
		{A498C103-521E-4C66-8C75-AABE107F010E}.Release|Any CPU.Build.0 = Release|Any CPU
	EndGlobalSection
	GlobalSection(SolutionProperties) = preSolution
		HideSolutionNode = FALSE
	EndGlobalSection
	GlobalSection(ExtensibilityGlobals) = postSolution
		SolutionGuid = {288B7E03-B429-49CD-8503-403DFA809AF5}
	EndGlobalSection
EndGlobal
